// !$*UTF8*$!
{
	archiveVersion = 1;
	classes = {
	};
	objectVersion = 50;
	objects = {

/* Begin PBXBuildFile section */
		A5339BBF27331E1500AB1614 /* AddBookView.swift in Sources */ = {isa = PBXBuildFile; fileRef = A5339BBE27331E1500AB1614 /* AddBookView.swift */; };
		A5339BC1273321E700AB1614 /* RatingView.swift in Sources */ = {isa = PBXBuildFile; fileRef = A5339BC0273321E700AB1614 /* RatingView.swift */; };
		A5339BC32733233800AB1614 /* EmojiRatingView.swift in Sources */ = {isa = PBXBuildFile; fileRef = A5339BC22733233800AB1614 /* EmojiRatingView.swift */; };
		A5339BC52733276500AB1614 /* DetailView.swift in Sources */ = {isa = PBXBuildFile; fileRef = A5339BC42733276500AB1614 /* DetailView.swift */; };
		A5B71FCE2731CC6D004229F1 /* AppDelegate.swift in Sources */ = {isa = PBXBuildFile; fileRef = A5B71FCD2731CC6D004229F1 /* AppDelegate.swift */; };
		A5B71FD02731CC6D004229F1 /* SceneDelegate.swift in Sources */ = {isa = PBXBuildFile; fileRef = A5B71FCF2731CC6D004229F1 /* SceneDelegate.swift */; };
		A5B71FD22731CC6D004229F1 /* ContentView.swift in Sources */ = {isa = PBXBuildFile; fileRef = A5B71FD12731CC6D004229F1 /* ContentView.swift */; };
		A5B71FD52731CC6D004229F1 /* Bookworm.xcdatamodeld in Sources */ = {isa = PBXBuildFile; fileRef = A5B71FD32731CC6D004229F1 /* Bookworm.xcdatamodeld */; };
		A5B71FD72731CC72004229F1 /* Assets.xcassets in Resources */ = {isa = PBXBuildFile; fileRef = A5B71FD62731CC72004229F1 /* Assets.xcassets */; };
		A5B71FDA2731CC72004229F1 /* Preview Assets.xcassets in Resources */ = {isa = PBXBuildFile; fileRef = A5B71FD92731CC72004229F1 /* Preview Assets.xcassets */; };
		A5B71FDD2731CC72004229F1 /* LaunchScreen.storyboard in Resources */ = {isa = PBXBuildFile; fileRef = A5B71FDB2731CC72004229F1 /* LaunchScreen.storyboard */; };
/* End PBXBuildFile section */

/* Begin PBXFileReference section */
		A5339BBE27331E1500AB1614 /* AddBookView.swift */ = {isa = PBXFileReference; lastKnownFileType = sourcecode.swift; path = AddBookView.swift; sourceTree = "<group>"; };
		A5339BC0273321E700AB1614 /* RatingView.swift */ = {isa = PBXFileReference; lastKnownFileType = sourcecode.swift; path = RatingView.swift; sourceTree = "<group>"; };
		A5339BC22733233800AB1614 /* EmojiRatingView.swift */ = {isa = PBXFileReference; lastKnownFileType = sourcecode.swift; path = EmojiRatingView.swift; sourceTree = "<group>"; };
		A5339BC42733276500AB1614 /* DetailView.swift */ = {isa = PBXFileReference; lastKnownFileType = sourcecode.swift; path = DetailView.swift; sourceTree = "<group>"; };
		A5B71FCA2731CC6D004229F1 /* Bookworm.app */ = {isa = PBXFileReference; explicitFileType = wrapper.application; includeInIndex = 0; path = Bookworm.app; sourceTree = BUILT_PRODUCTS_DIR; };
		A5B71FCD2731CC6D004229F1 /* AppDelegate.swift */ = {isa = PBXFileReference; lastKnownFileType = sourcecode.swift; path = AppDelegate.swift; sourceTree = "<group>"; };
		A5B71FCF2731CC6D004229F1 /* SceneDelegate.swift */ = {isa = PBXFileReference; lastKnownFileType = sourcecode.swift; path = SceneDelegate.swift; sourceTree = "<group>"; };
		A5B71FD12731CC6D004229F1 /* ContentView.swift */ = {isa = PBXFileReference; lastKnownFileType = sourcecode.swift; path = ContentView.swift; sourceTree = "<group>"; };
		A5B71FD42731CC6D004229F1 /* Bookworm.xcdatamodel */ = {isa = PBXFileReference; lastKnownFileType = wrapper.xcdatamodel; path = Bookworm.xcdatamodel; sourceTree = "<group>"; };
		A5B71FD62731CC72004229F1 /* Assets.xcassets */ = {isa = PBXFileReference; lastKnownFileType = folder.assetcatalog; path = Assets.xcassets; sourceTree = "<group>"; };
		A5B71FD92731CC72004229F1 /* Preview Assets.xcassets */ = {isa = PBXFileReference; lastKnownFileType = folder.assetcatalog; path = "Preview Assets.xcassets"; sourceTree = "<group>"; };
		A5B71FDC2731CC72004229F1 /* Base */ = {isa = PBXFileReference; lastKnownFileType = file.storyboard; name = Base; path = Base.lproj/LaunchScreen.storyboard; sourceTree = "<group>"; };
		A5B71FDE2731CC72004229F1 /* Info.plist */ = {isa = PBXFileReference; lastKnownFileType = text.plist.xml; path = Info.plist; sourceTree = "<group>"; };
/* End PBXFileReference section */

/* Begin PBXFrameworksBuildPhase section */
		A5B71FC72731CC6D004229F1 /* Frameworks */ = {
			isa = PBXFrameworksBuildPhase;
			buildActionMask = 2147483647;
			files = (
			);
			runOnlyForDeploymentPostprocessing = 0;
		};
/* End PBXFrameworksBuildPhase section */

/* Begin PBXGroup section */
		A5B71FC12731CC6D004229F1 = {
			isa = PBXGroup;
			children = (
				A5B71FCC2731CC6D004229F1 /* Bookworm */,
				A5B71FCB2731CC6D004229F1 /* Products */,
			);
			sourceTree = "<group>";
		};
		A5B71FCB2731CC6D004229F1 /* Products */ = {
			isa = PBXGroup;
			children = (
				A5B71FCA2731CC6D004229F1 /* Bookworm.app */,
			);
			name = Products;
			sourceTree = "<group>";
		};
		A5B71FCC2731CC6D004229F1 /* Bookworm */ = {
			isa = PBXGroup;
			children = (
				A5B71FCD2731CC6D004229F1 /* AppDelegate.swift */,
				A5B71FCF2731CC6D004229F1 /* SceneDelegate.swift */,
				A5B71FD12731CC6D004229F1 /* ContentView.swift */,
				A5339BC42733276500AB1614 /* DetailView.swift */,
				A5339BC22733233800AB1614 /* EmojiRatingView.swift */,
				A5339BC0273321E700AB1614 /* RatingView.swift */,
				A5339BBE27331E1500AB1614 /* AddBookView.swift */,
				A5B71FD62731CC72004229F1 /* Assets.xcassets */,
				A5B71FDB2731CC72004229F1 /* LaunchScreen.storyboard */,
				A5B71FDE2731CC72004229F1 /* Info.plist */,
				A5B71FD32731CC6D004229F1 /* Bookworm.xcdatamodeld */,
				A5B71FD82731CC72004229F1 /* Preview Content */,
			);
			path = Bookworm;
			sourceTree = "<group>";
		};
		A5B71FD82731CC72004229F1 /* Preview Content */ = {
			isa = PBXGroup;
			children = (
				A5B71FD92731CC72004229F1 /* Preview Assets.xcassets */,
			);
			path = "Preview Content";
			sourceTree = "<group>";
		};
/* End PBXGroup section */

/* Begin PBXNativeTarget section */
		A5B71FC92731CC6D004229F1 /* Bookworm */ = {
			isa = PBXNativeTarget;
			buildConfigurationList = A5B71FE12731CC72004229F1 /* Build configuration list for PBXNativeTarget "Bookworm" */;
			buildPhases = (
				A5B71FC62731CC6D004229F1 /* Sources */,
				A5B71FC72731CC6D004229F1 /* Frameworks */,
				A5B71FC82731CC6D004229F1 /* Resources */,
			);
			buildRules = (
			);
			dependencies = (
			);
			name = Bookworm;
			productName = Bookworm;
			productReference = A5B71FCA2731CC6D004229F1 /* Bookworm.app */;
			productType = "com.apple.product-type.application";
		};
/* End PBXNativeTarget section */

/* Begin PBXProject section */
		A5B71FC22731CC6D004229F1 /* Project object */ = {
			isa = PBXProject;
			attributes = {
				LastSwiftUpdateCheck = 1250;
				LastUpgradeCheck = 1250;
				TargetAttributes = {
					A5B71FC92731CC6D004229F1 = {
						CreatedOnToolsVersion = 12.5.1;
					};
				};
			};
			buildConfigurationList = A5B71FC52731CC6D004229F1 /* Build configuration list for PBXProject "Bookworm" */;
			compatibilityVersion = "Xcode 9.3";
			developmentRegion = en;
			hasScannedForEncodings = 0;
			knownRegions = (
				en,
				Base,
			);
			mainGroup = A5B71FC12731CC6D004229F1;
			productRefGroup = A5B71FCB2731CC6D004229F1 /* Products */;
			projectDirPath = "";
			projectRoot = "";
			targets = (
				A5B71FC92731CC6D004229F1 /* Bookworm */,
			);
		};
/* End PBXProject section */

/* Begin PBXResourcesBuildPhase section */
		A5B71FC82731CC6D004229F1 /* Resources */ = {
			isa = PBXResourcesBuildPhase;
			buildActionMask = 2147483647;
			files = (
				A5B71FDD2731CC72004229F1 /* LaunchScreen.storyboard in Resources */,
				A5B71FDA2731CC72004229F1 /* Preview Assets.xcassets in Resources */,
				A5B71FD72731CC72004229F1 /* Assets.xcassets in Resources */,
			);
			runOnlyForDeploymentPostprocessing = 0;
		};
/* End PBXResourcesBuildPhase section */

/* Begin PBXSourcesBuildPhase section */
		A5B71FC62731CC6D004229F1 /* Sources */ = {
			isa = PBXSourcesBuildPhase;
			buildActionMask = 2147483647;
			files = (
				A5B71FCE2731CC6D004229F1 /* AppDelegate.swift in Sources */,
				A5339BC52733276500AB1614 /* DetailView.swift in Sources */,
				A5B71FD52731CC6D004229F1 /* Bookworm.xcdatamodeld in Sources */,
				A5339BC32733233800AB1614 /* EmojiRatingView.swift in Sources */,
				A5B71FD02731CC6D004229F1 /* SceneDelegate.swift in Sources */,
				A5339BC1273321E700AB1614 /* RatingView.swift in Sources */,
				A5B71FD22731CC6D004229F1 /* ContentView.swift in Sources */,
				A5339BBF27331E1500AB1614 /* AddBookView.swift in Sources */,
			);
			runOnlyForDeploymentPostprocessing = 0;
		};
/* End PBXSourcesBuildPhase section */

/* Begin PBXVariantGroup section */
		A5B71FDB2731CC72004229F1 /* LaunchScreen.storyboard */ = {
			isa = PBXVariantGroup;
			children = (
				A5B71FDC2731CC72004229F1 /* Base */,
			);
			name = LaunchScreen.storyboard;
			sourceTree = "<group>";
		};
/* End PBXVariantGroup section */

/* Begin XCBuildConfiguration section */
		A5B71FDF2731CC72004229F1 /* Debug */ = {
			isa = XCBuildConfiguration;
			buildSettings = {
				ALWAYS_SEARCH_USER_PATHS = NO;
				CLANG_ANALYZER_NONNULL = YES;
				CLANG_ANALYZER_NUMBER_OBJECT_CONVERSION = YES_AGGRESSIVE;
				CLANG_CXX_LANGUAGE_STANDARD = "gnu++14";
				CLANG_CXX_LIBRARY = "libc++";
				CLANG_ENABLE_MODULES = YES;
				CLANG_ENABLE_OBJC_ARC = YES;
				CLANG_ENABLE_OBJC_WEAK = YES;
				CLANG_WARN_BLOCK_CAPTURE_AUTORELEASING = YES;
				CLANG_WARN_BOOL_CONVERSION = YES;
				CLANG_WARN_COMMA = YES;
				CLANG_WARN_CONSTANT_CONVERSION = YES;
				CLANG_WARN_DEPRECATED_OBJC_IMPLEMENTATIONS = YES;
				CLANG_WARN_DIRECT_OBJC_ISA_USAGE = YES_ERROR;
				CLANG_WARN_DOCUMENTATION_COMMENTS = YES;
				CLANG_WARN_EMPTY_BODY = YES;
				CLANG_WARN_ENUM_CONVERSION = YES;
				CLANG_WARN_INFINITE_RECURSION = YES;
				CLANG_WARN_INT_CONVERSION = YES;
				CLANG_WARN_NON_LITERAL_NULL_CONVERSION = YES;
				CLANG_WARN_OBJC_IMPLICIT_RETAIN_SELF = YES;
				CLANG_WARN_OBJC_LITERAL_CONVERSION = YES;
				CLANG_WARN_OBJC_ROOT_CLASS = YES_ERROR;
				CLANG_WARN_QUOTED_INCLUDE_IN_FRAMEWORK_HEADER = YES;
				CLANG_WARN_RANGE_LOOP_ANALYSIS = YES;
				CLANG_WARN_STRICT_PROTOTYPES = YES;
				CLANG_WARN_SUSPICIOUS_MOVE = YES;
				CLANG_WARN_UNGUARDED_AVAILABILITY = YES_AGGRESSIVE;
				CLANG_WARN_UNREACHABLE_CODE = YES;
				CLANG_WARN__DUPLICATE_METHOD_MATCH = YES;
				COPY_PHASE_STRIP = NO;
				DEBUG_INFORMATION_FORMAT = dwarf;
				ENABLE_STRICT_OBJC_MSGSEND = YES;
				ENABLE_TESTABILITY = YES;
				GCC_C_LANGUAGE_STANDARD = gnu11;
				GCC_DYNAMIC_NO_PIC = NO;
				GCC_NO_COMMON_BLOCKS = YES;
				GCC_OPTIMIZATION_LEVEL = 0;
				GCC_PREPROCESSOR_DEFINITIONS = (
					"DEBUG=1",
					"$(inherited)",
				);
				GCC_WARN_64_TO_32_BIT_CONVERSION = YES;
				GCC_WARN_ABOUT_RETURN_TYPE = YES_ERROR;
				GCC_WARN_UNDECLARED_SELECTOR = YES;
				GCC_WARN_UNINITIALIZED_AUTOS = YES_AGGRESSIVE;
				GCC_WARN_UNUSED_FUNCTION = YES;
				GCC_WARN_UNUSED_VARIABLE = YES;
				IPHONEOS_DEPLOYMENT_TARGET = 14.5;
				MTL_ENABLE_DEBUG_INFO = INCLUDE_SOURCE;
				MTL_FAST_MATH = YES;
				ONLY_ACTIVE_ARCH = YES;
				SDKROOT = iphoneos;
				SWIFT_ACTIVE_COMPILATION_CONDITIONS = DEBUG;
				SWIFT_OPTIMIZATION_LEVEL = "-Onone";
			};
			name = Debug;
		};
		A5B71FE02731CC72004229F1 /* Release */ = {
			isa = XCBuildConfiguration;
			buildSettings = {
				ALWAYS_SEARCH_USER_PATHS = NO;
				CLANG_ANALYZER_NONNULL = YES;
				CLANG_ANALYZER_NUMBER_OBJECT_CONVERSION = YES_AGGRESSIVE;
				CLANG_CXX_LANGUAGE_STANDARD = "gnu++14";
				CLANG_CXX_LIBRARY = "libc++";
				CLANG_ENABLE_MODULES = YES;
				CLANG_ENABLE_OBJC_ARC = YES;
				CLANG_ENABLE_OBJC_WEAK = YES;
				CLANG_WARN_BLOCK_CAPTURE_AUTORELEASING = YES;
				CLANG_WARN_BOOL_CONVERSION = YES;
				CLANG_WARN_COMMA = YES;
				CLANG_WARN_CONSTANT_CONVERSION = YES;
				CLANG_WARN_DEPRECATED_OBJC_IMPLEMENTATIONS = YES;
				CLANG_WARN_DIRECT_OBJC_ISA_USAGE = YES_ERROR;
				CLANG_WARN_DOCUMENTATION_COMMENTS = YES;
				CLANG_WARN_EMPTY_BODY = YES;
				CLANG_WARN_ENUM_CONVERSION = YES;
				CLANG_WARN_INFINITE_RECURSION = YES;
				CLANG_WARN_INT_CONVERSION = YES;
				CLANG_WARN_NON_LITERAL_NULL_CONVERSION = YES;
				CLANG_WARN_OBJC_IMPLICIT_RETAIN_SELF = YES;
				CLANG_WARN_OBJC_LITERAL_CONVERSION = YES;
				CLANG_WARN_OBJC_ROOT_CLASS = YES_ERROR;
				CLANG_WARN_QUOTED_INCLUDE_IN_FRAMEWORK_HEADER = YES;
				CLANG_WARN_RANGE_LOOP_ANALYSIS = YES;
				CLANG_WARN_STRICT_PROTOTYPES = YES;
				CLANG_WARN_SUSPICIOUS_MOVE = YES;
				CLANG_WARN_UNGUARDED_AVAILABILITY = YES_AGGRESSIVE;
				CLANG_WARN_UNREACHABLE_CODE = YES;
				CLANG_WARN__DUPLICATE_METHOD_MATCH = YES;
				COPY_PHASE_STRIP = NO;
				DEBUG_INFORMATION_FORMAT = "dwarf-with-dsym";
				ENABLE_NS_ASSERTIONS = NO;
				ENABLE_STRICT_OBJC_MSGSEND = YES;
				GCC_C_LANGUAGE_STANDARD = gnu11;
				GCC_NO_COMMON_BLOCKS = YES;
				GCC_WARN_64_TO_32_BIT_CONVERSION = YES;
				GCC_WARN_ABOUT_RETURN_TYPE = YES_ERROR;
				GCC_WARN_UNDECLARED_SELECTOR = YES;
				GCC_WARN_UNINITIALIZED_AUTOS = YES_AGGRESSIVE;
				GCC_WARN_UNUSED_FUNCTION = YES;
				GCC_WARN_UNUSED_VARIABLE = YES;
				IPHONEOS_DEPLOYMENT_TARGET = 14.5;
				MTL_ENABLE_DEBUG_INFO = NO;
				MTL_FAST_MATH = YES;
				SDKROOT = iphoneos;
				SWIFT_COMPILATION_MODE = wholemodule;
				SWIFT_OPTIMIZATION_LEVEL = "-O";
				VALIDATE_PRODUCT = YES;
			};
			name = Release;
		};
		A5B71FE22731CC72004229F1 /* Debug */ = {
			isa = XCBuildConfiguration;
			buildSettings = {
				ASSETCATALOG_COMPILER_APPICON_NAME = AppIcon;
				ASSETCATALOG_COMPILER_GLOBAL_ACCENT_COLOR_NAME = AccentColor;
				CODE_SIGN_STYLE = Automatic;
				DEVELOPMENT_ASSET_PATHS = "\"Bookworm/Preview Content\"";
				DEVELOPMENT_TEAM = GLWS67THQ9;
				ENABLE_PREVIEWS = YES;
				INFOPLIST_FILE = Bookworm/Info.plist;
				LD_RUNPATH_SEARCH_PATHS = (
					"$(inherited)",
					"@executable_path/Frameworks",
				);
				PRODUCT_BUNDLE_IDENTIFIER = com.marcusstilwell.Bookworm;
				PRODUCT_NAME = "$(TARGET_NAME)";
				SWIFT_VERSION = 5.0;
				TARGETED_DEVICE_FAMILY = "1,2";
			};
			name = Debug;
		};
		A5B71FE32731CC72004229F1 /* Release */ = {
			isa = XCBuildConfiguration;
			buildSettings = {
				ASSETCATALOG_COMPILER_APPICON_NAME = AppIcon;
				ASSETCATALOG_COMPILER_GLOBAL_ACCENT_COLOR_NAME = AccentColor;
				CODE_SIGN_STYLE = Automatic;
				DEVELOPMENT_ASSET_PATHS = "\"Bookworm/Preview Content\"";
				DEVELOPMENT_TEAM = GLWS67THQ9;
				ENABLE_PREVIEWS = YES;
				INFOPLIST_FILE = Bookworm/Info.plist;
				LD_RUNPATH_SEARCH_PATHS = (
					"$(inherited)",
					"@executable_path/Frameworks",
				);
				PRODUCT_BUNDLE_IDENTIFIER = com.marcusstilwell.Bookworm;
				PRODUCT_NAME = "$(TARGET_NAME)";
				SWIFT_VERSION = 5.0;
				TARGETED_DEVICE_FAMILY = "1,2";
			};
			name = Release;
		};
/* End XCBuildConfiguration section */

/* Begin XCConfigurationList section */
		A5B71FC52731CC6D004229F1 /* Build configuration list for PBXProject "Bookworm" */ = {
			isa = XCConfigurationList;
			buildConfigurations = (
				A5B71FDF2731CC72004229F1 /* Debug */,
				A5B71FE02731CC72004229F1 /* Release */,
			);
			defaultConfigurationIsVisible = 0;
			defaultConfigurationName = Release;
		};
		A5B71FE12731CC72004229F1 /* Build configuration list for PBXNativeTarget "Bookworm" */ = {
			isa = XCConfigurationList;
			buildConfigurations = (
				A5B71FE22731CC72004229F1 /* Debug */,
				A5B71FE32731CC72004229F1 /* Release */,
			);
			defaultConfigurationIsVisible = 0;
			defaultConfigurationName = Release;
		};
/* End XCConfigurationList section */

/* Begin XCVersionGroup section */
		A5B71FD32731CC6D004229F1 /* Bookworm.xcdatamodeld */ = {
			isa = XCVersionGroup;
			children = (
				A5B71FD42731CC6D004229F1 /* Bookworm.xcdatamodel */,
			);
			currentVersion = A5B71FD42731CC6D004229F1 /* Bookworm.xcdatamodel */;
			path = Bookworm.xcdatamodeld;
			sourceTree = "<group>";
			versionGroupType = wrapper.xcdatamodel;
		};
/* End XCVersionGroup section */
	};
	rootObject = A5B71FC22731CC6D004229F1 /* Project object */;
}
